
Microsoft Visual Studio Solution File, Format Version 12.00
# Visual Studio Version 17
VisualStudioVersion = 17.10.35004.147
MinimumVisualStudioVersion = 10.0.40219.1
Project("{FAE04EC0-301F-11D3-BF4B-00C04F79EFBC}") = "Discord.cs", "Discord.cs.csproj", "{132E90ED-B719-4705-BB64-0B10E4A43285}"
EndProject
Global
	GlobalSection(SolutionConfigurationPlatforms) = preSolution
		Debug|Any CPU = Debug|Any CPU
		Release|Any CPU = Release|Any CPU
	EndGlobalSection
	GlobalSection(ProjectConfigurationPlatforms) = postSolution
		{132E90ED-B719-4705-BB64-0B10E4A43285}.Debug|Any CPU.ActiveCfg = Debug|Any CPU
		{132E90ED-B719-4705-BB64-0B10E4A43285}.Debug|Any CPU.Build.0 = Debug|Any CPU
		{132E90ED-B719-4705-BB64-0B10E4A43285}.Release|Any CPU.ActiveCfg = Release|Any CPU
		{132E90ED-B719-4705-BB64-0B10E4A43285}.Release|Any CPU.Build.0 = Release|Any CPU
	EndGlobalSection
	GlobalSection(SolutionProperties) = preSolution
		HideSolutionNode = FALSE
	EndGlobalSection
	GlobalSection(ExtensibilityGlobals) = postSolution
		SolutionGuid = {1779591E-A759-434F-8BB7-F2A891150C23}
	EndGlobalSection
EndGlobal
